
Microsoft Visual Studio Solution File, Format Version 12.00
# Visual Studio Version 17
VisualStudioVersion = 17.4.33205.214
MinimumVisualStudioVersion = 10.0.40219.1
Project("{8BC9CEB8-8B4A-11D0-8D11-00A0C91BC942}") = "SuffixSearchTree", "SuffixSearchTree.vcxproj", "{91647C22-2113-4263-BE92-36E3216F7A3B}"
EndProject
Global
	GlobalSection(SolutionConfigurationPlatforms) = preSolution
		Debug|x64 = Debug|x64
		Debug|x86 = Debug|x86
		Release|x64 = Release|x64
		Release|x86 = Release|x86
	EndGlobalSection
	GlobalSection(ProjectConfigurationPlatforms) = postSolution
		{91647C22-2113-4263-BE92-36E3216F7A3B}.Debug|x64.ActiveCfg = Debug|x64
		{91647C22-2113-4263-BE92-36E3216F7A3B}.Debug|x64.Build.0 = Debug|x64
		{91647C22-2113-4263-BE92-36E3216F7A3B}.Debug|x86.ActiveCfg = Debug|Win32
		{91647C22-2113-4263-BE92-36E3216F7A3B}.Debug|x86.Build.0 = Debug|Win32
		{91647C22-2113-4263-BE92-36E3216F7A3B}.Release|x64.ActiveCfg = Release|x64
		{91647C22-2113-4263-BE92-36E3216F7A3B}.Release|x64.Build.0 = Release|x64
		{91647C22-2113-4263-BE92-36E3216F7A3B}.Release|x86.ActiveCfg = Release|Win32
		{91647C22-2113-4263-BE92-36E3216F7A3B}.Release|x86.Build.0 = Release|Win32
	EndGlobalSection
	GlobalSection(SolutionProperties) = preSolution
		HideSolutionNode = FALSE
	EndGlobalSection
	GlobalSection(ExtensibilityGlobals) = postSolution
		SolutionGuid = {DD27E2F0-5292-41E0-895D-B8B5823F1B2F}
	EndGlobalSection
EndGlobal
